
Microsoft Visual Studio Solution File, Format Version 12.00
# Visual Studio Version 16
VisualStudioVersion = 16.0.30621.155
MinimumVisualStudioVersion = 10.0.40219.1
Project("{FAE04EC0-301F-11D3-BF4B-00C04F79EFBC}") = "ConsoleApp1", "ConsoleApp1.csproj", "{F49B3172-ADE0-4FC6-90CB-FDE661995644}"
EndProject
Global
	GlobalSection(SolutionConfigurationPlatforms) = preSolution
		Debug|Any CPU = Debug|Any CPU
		Release|Any CPU = Release|Any CPU
	EndGlobalSection
	GlobalSection(ProjectConfigurationPlatforms) = postSolution
		{F49B3172-ADE0-4FC6-90CB-FDE661995644}.Debug|Any CPU.ActiveCfg = Debug|Any CPU
		{F49B3172-ADE0-4FC6-90CB-FDE661995644}.Debug|Any CPU.Build.0 = Debug|Any CPU
		{F49B3172-ADE0-4FC6-90CB-FDE661995644}.Release|Any CPU.ActiveCfg = Release|Any CPU
		{F49B3172-ADE0-4FC6-90CB-FDE661995644}.Release|Any CPU.Build.0 = Release|Any CPU
	EndGlobalSection
	GlobalSection(SolutionProperties) = preSolution
		HideSolutionNode = FALSE
	EndGlobalSection
	GlobalSection(ExtensibilityGlobals) = postSolution
		SolutionGuid = {194222E3-B346-4B44-8DF9-C124F1AFEE49}
	EndGlobalSection
EndGlobal
